
Microsoft Visual Studio Solution File, Format Version 12.00
# Visual Studio 15
VisualStudioVersion = 15.0.28307.902
MinimumVisualStudioVersion = 10.0.40219.1
Project("{FAE04EC0-301F-11D3-BF4B-00C04F79EFBC}") = "GitTest", "GitTest\GitTest.csproj", "{B2A0CA3C-3F6E-4066-85D2-0786CF6B8EBC}"
EndProject
Global
	GlobalSection(SolutionConfigurationPlatforms) = preSolution
		Debug|Any CPU = Debug|Any CPU
		Release|Any CPU = Release|Any CPU
	EndGlobalSection
	GlobalSection(ProjectConfigurationPlatforms) = postSolution
		{B2A0CA3C-3F6E-4066-85D2-0786CF6B8EBC}.Debug|Any CPU.ActiveCfg = Debug|Any CPU
		{B2A0CA3C-3F6E-4066-85D2-0786CF6B8EBC}.Debug|Any CPU.Build.0 = Debug|Any CPU
		{B2A0CA3C-3F6E-4066-85D2-0786CF6B8EBC}.Release|Any CPU.ActiveCfg = Release|Any CPU
		{B2A0CA3C-3F6E-4066-85D2-0786CF6B8EBC}.Release|Any CPU.Build.0 = Release|Any CPU
	EndGlobalSection
	GlobalSection(SolutionProperties) = preSolution
		HideSolutionNode = FALSE
	EndGlobalSection
	GlobalSection(ExtensibilityGlobals) = postSolution
		SolutionGuid = {A5C48008-4F07-42DB-A596-CC1F1216ED5D}
	EndGlobalSection
EndGlobal
